// !$*UTF8*$!
{
	archiveVersion = 1;
	classes = {
	};
	objectVersion = 56;
	objects = {

/* Begin PBXBuildFile section */
		189C6B6C2A25C532008B3EDA /* ScanDLTableViewCell.xib in Resources */ = {isa = PBXBuildFile; fileRef = 189C6B682A25C532008B3EDA /* ScanDLTableViewCell.xib */; };
		189C6B6D2A25C532008B3EDA /* RegistrationTableViewCell.swift in Sources */ = {isa = PBXBuildFile; fileRef = 189C6B692A25C532008B3EDA /* RegistrationTableViewCell.swift */; };
		189C6B6E2A25C532008B3EDA /* ScanDLTableViewCell.swift in Sources */ = {isa = PBXBuildFile; fileRef = 189C6B6A2A25C532008B3EDA /* ScanDLTableViewCell.swift */; };
		189C6B6F2A25C532008B3EDA /* RegistrationTableViewCell.xib in Resources */ = {isa = PBXBuildFile; fileRef = 189C6B6B2A25C532008B3EDA /* RegistrationTableViewCell.xib */; };
		189C6B712A25C974008B3EDA /* DropDownPickerViewController.swift in Sources */ = {isa = PBXBuildFile; fileRef = 189C6B702A25C974008B3EDA /* DropDownPickerViewController.swift */; };
		18AD89E52A1DF70A006400E0 /* AppDelegate.swift in Sources */ = {isa = PBXBuildFile; fileRef = 18AD89E42A1DF70A006400E0 /* AppDelegate.swift */; };
		18AD89E72A1DF70A006400E0 /* SceneDelegate.swift in Sources */ = {isa = PBXBuildFile; fileRef = 18AD89E62A1DF70A006400E0 /* SceneDelegate.swift */; };
		18AD89E92A1DF70A006400E0 /* ViewController.swift in Sources */ = {isa = PBXBuildFile; fileRef = 18AD89E82A1DF70A006400E0 /* ViewController.swift */; };
		18AD89EC2A1DF70A006400E0 /* Main.storyboard in Resources */ = {isa = PBXBuildFile; fileRef = 18AD89EA2A1DF70A006400E0 /* Main.storyboard */; };
		18AD89EE2A1DF70E006400E0 /* Assets.xcassets in Resources */ = {isa = PBXBuildFile; fileRef = 18AD89ED2A1DF70E006400E0 /* Assets.xcassets */; };
		18AD89F12A1DF70E006400E0 /* LaunchScreen.storyboard in Resources */ = {isa = PBXBuildFile; fileRef = 18AD89EF2A1DF70E006400E0 /* LaunchScreen.storyboard */; };
		18AD89FC2A1DF70F006400E0 /* WalkINRegistrationProjectTests.swift in Sources */ = {isa = PBXBuildFile; fileRef = 18AD89FB2A1DF70F006400E0 /* WalkINRegistrationProjectTests.swift */; };
		18AD8A062A1DF70F006400E0 /* WalkINRegistrationProjectUITests.swift in Sources */ = {isa = PBXBuildFile; fileRef = 18AD8A052A1DF70F006400E0 /* WalkINRegistrationProjectUITests.swift */; };
		18AD8A082A1DF70F006400E0 /* WalkINRegistrationProjectUITestsLaunchTests.swift in Sources */ = {isa = PBXBuildFile; fileRef = 18AD8A072A1DF70F006400E0 /* WalkINRegistrationProjectUITestsLaunchTests.swift */; };
		18AD8A152A1DF77D006400E0 /* RegistrationTableViewController.swift in Sources */ = {isa = PBXBuildFile; fileRef = 18AD8A142A1DF77D006400E0 /* RegistrationTableViewController.swift */; };
		18AD8A1C2A1DF8BE006400E0 /* ProfileTableViewCell.swift in Sources */ = {isa = PBXBuildFile; fileRef = 18AD8A1A2A1DF8BE006400E0 /* ProfileTableViewCell.swift */; };
		18AD8A1D2A1DF8BE006400E0 /* ProfileTableViewCell.xib in Resources */ = {isa = PBXBuildFile; fileRef = 18AD8A1B2A1DF8BE006400E0 /* ProfileTableViewCell.xib */; };
		18AD8A202A1DFFEA006400E0 /* DataTableViewCell.swift in Sources */ = {isa = PBXBuildFile; fileRef = 18AD8A1E2A1DFFEA006400E0 /* DataTableViewCell.swift */; };
		18AD8A212A1DFFEA006400E0 /* DataTableViewCell.xib in Resources */ = {isa = PBXBuildFile; fileRef = 18AD8A1F2A1DFFEA006400E0 /* DataTableViewCell.xib */; };
/* End PBXBuildFile section */

/* Begin PBXContainerItemProxy section */
		18AD89F82A1DF70F006400E0 /* PBXContainerItemProxy */ = {
			isa = PBXContainerItemProxy;
			containerPortal = 18AD89D92A1DF70A006400E0 /* Project object */;
			proxyType = 1;
			remoteGlobalIDString = 18AD89E02A1DF70A006400E0;
			remoteInfo = WalkINRegistrationProject;
		};
		18AD8A022A1DF70F006400E0 /* PBXContainerItemProxy */ = {
			isa = PBXContainerItemProxy;
			containerPortal = 18AD89D92A1DF70A006400E0 /* Project object */;
			proxyType = 1;
			remoteGlobalIDString = 18AD89E02A1DF70A006400E0;
			remoteInfo = WalkINRegistrationProject;
		};
/* End PBXContainerItemProxy section */

/* Begin PBXFileReference section */
		189C6B682A25C532008B3EDA /* ScanDLTableViewCell.xib */ = {isa = PBXFileReference; fileEncoding = 4; lastKnownFileType = file.xib; path = ScanDLTableViewCell.xib; sourceTree = "<group>"; };
		189C6B692A25C532008B3EDA /* RegistrationTableViewCell.swift */ = {isa = PBXFileReference; fileEncoding = 4; lastKnownFileType = sourcecode.swift; path = RegistrationTableViewCell.swift; sourceTree = "<group>"; };
		189C6B6A2A25C532008B3EDA /* ScanDLTableViewCell.swift */ = {isa = PBXFileReference; fileEncoding = 4; lastKnownFileType = sourcecode.swift; path = ScanDLTableViewCell.swift; sourceTree = "<group>"; };
		189C6B6B2A25C532008B3EDA /* RegistrationTableViewCell.xib */ = {isa = PBXFileReference; fileEncoding = 4; lastKnownFileType = file.xib; path = RegistrationTableViewCell.xib; sourceTree = "<group>"; };
		189C6B702A25C974008B3EDA /* DropDownPickerViewController.swift */ = {isa = PBXFileReference; lastKnownFileType = sourcecode.swift; path = DropDownPickerViewController.swift; sourceTree = "<group>"; };
		18AD89E12A1DF70A006400E0 /* WalkINRegistrationProject.app */ = {isa = PBXFileReference; explicitFileType = wrapper.application; includeInIndex = 0; path = WalkINRegistrationProject.app; sourceTree = BUILT_PRODUCTS_DIR; };
		18AD89E42A1DF70A006400E0 /* AppDelegate.swift */ = {isa = PBXFileReference; lastKnownFileType = sourcecode.swift; path = AppDelegate.swift; sourceTree = "<group>"; };
		18AD89E62A1DF70A006400E0 /* SceneDelegate.swift */ = {isa = PBXFileReference; lastKnownFileType = sourcecode.swift; path = SceneDelegate.swift; sourceTree = "<group>"; };
		18AD89E82A1DF70A006400E0 /* ViewController.swift */ = {isa = PBXFileReference; lastKnownFileType = sourcecode.swift; path = ViewController.swift; sourceTree = "<group>"; };
		18AD89EB2A1DF70A006400E0 /* Base */ = {isa = PBXFileReference; lastKnownFileType = file.storyboard; name = Base; path = Base.lproj/Main.storyboard; sourceTree = "<group>"; };
		18AD89ED2A1DF70E006400E0 /* Assets.xcassets */ = {isa = PBXFileReference; lastKnownFileType = folder.assetcatalog; path = Assets.xcassets; sourceTree = "<group>"; };
		18AD89F02A1DF70E006400E0 /* Base */ = {isa = PBXFileReference; lastKnownFileType = file.storyboard; name = Base; path = Base.lproj/LaunchScreen.storyboard; sourceTree = "<group>"; };
		18AD89F22A1DF70E006400E0 /* Info.plist */ = {isa = PBXFileReference; lastKnownFileType = text.plist.xml; path = Info.plist; sourceTree = "<group>"; };
		18AD89F72A1DF70F006400E0 /* WalkINRegistrationProjectTests.xctest */ = {isa = PBXFileReference; explicitFileType = wrapper.cfbundle; includeInIndex = 0; path = WalkINRegistrationProjectTests.xctest; sourceTree = BUILT_PRODUCTS_DIR; };
		18AD89FB2A1DF70F006400E0 /* WalkINRegistrationProjectTests.swift */ = {isa = PBXFileReference; lastKnownFileType = sourcecode.swift; path = WalkINRegistrationProjectTests.swift; sourceTree = "<group>"; };
		18AD8A012A1DF70F006400E0 /* WalkINRegistrationProjectUITests.xctest */ = {isa = PBXFileReference; explicitFileType = wrapper.cfbundle; includeInIndex = 0; path = WalkINRegistrationProjectUITests.xctest; sourceTree = BUILT_PRODUCTS_DIR; };
		18AD8A052A1DF70F006400E0 /* WalkINRegistrationProjectUITests.swift */ = {isa = PBXFileReference; lastKnownFileType = sourcecode.swift; path = WalkINRegistrationProjectUITests.swift; sourceTree = "<group>"; };
		18AD8A072A1DF70F006400E0 /* WalkINRegistrationProjectUITestsLaunchTests.swift */ = {isa = PBXFileReference; lastKnownFileType = sourcecode.swift; path = WalkINRegistrationProjectUITestsLaunchTests.swift; sourceTree = "<group>"; };
		18AD8A142A1DF77D006400E0 /* RegistrationTableViewController.swift */ = {isa = PBXFileReference; lastKnownFileType = sourcecode.swift; path = RegistrationTableViewController.swift; sourceTree = "<group>"; };
		18AD8A1A2A1DF8BE006400E0 /* ProfileTableViewCell.swift */ = {isa = PBXFileReference; lastKnownFileType = sourcecode.swift; path = ProfileTableViewCell.swift; sourceTree = "<group>"; };
		18AD8A1B2A1DF8BE006400E0 /* ProfileTableViewCell.xib */ = {isa = PBXFileReference; lastKnownFileType = file.xib; path = ProfileTableViewCell.xib; sourceTree = "<group>"; };
		18AD8A1E2A1DFFEA006400E0 /* DataTableViewCell.swift */ = {isa = PBXFileReference; fileEncoding = 4; lastKnownFileType = sourcecode.swift; path = DataTableViewCell.swift; sourceTree = "<group>"; };
		18AD8A1F2A1DFFEA006400E0 /* DataTableViewCell.xib */ = {isa = PBXFileReference; fileEncoding = 4; lastKnownFileType = file.xib; path = DataTableViewCell.xib; sourceTree = "<group>"; };
/* End PBXFileReference section */

/* Begin PBXFrameworksBuildPhase section */
		18AD89DE2A1DF70A006400E0 /* Frameworks */ = {
			isa = PBXFrameworksBuildPhase;
			buildActionMask = 2147483647;
			files = (
			);
			runOnlyForDeploymentPostprocessing = 0;
		};
		18AD89F42A1DF70F006400E0 /* Frameworks */ = {
			isa = PBXFrameworksBuildPhase;
			buildActionMask = 2147483647;
			files = (
			);
			runOnlyForDeploymentPostprocessing = 0;
		};
		18AD89FE2A1DF70F006400E0 /* Frameworks */ = {
			isa = PBXFrameworksBuildPhase;
			buildActionMask = 2147483647;
			files = (
			);
			runOnlyForDeploymentPostprocessing = 0;
		};
/* End PBXFrameworksBuildPhase section */

/* Begin PBXGroup section */
		18AD89D82A1DF70A006400E0 = {
			isa = PBXGroup;
			children = (
				18AD89E32A1DF70A006400E0 /* WalkINRegistrationProject */,
				18AD89FA2A1DF70F006400E0 /* WalkINRegistrationProjectTests */,
				18AD8A042A1DF70F006400E0 /* WalkINRegistrationProjectUITests */,
				18AD89E22A1DF70A006400E0 /* Products */,
			);
			sourceTree = "<group>";
		};
		18AD89E22A1DF70A006400E0 /* Products */ = {
			isa = PBXGroup;
			children = (
				18AD89E12A1DF70A006400E0 /* WalkINRegistrationProject.app */,
				18AD89F72A1DF70F006400E0 /* WalkINRegistrationProjectTests.xctest */,
				18AD8A012A1DF70F006400E0 /* WalkINRegistrationProjectUITests.xctest */,
			);
			name = Products;
			sourceTree = "<group>";
		};
		18AD89E32A1DF70A006400E0 /* WalkINRegistrationProject */ = {
			isa = PBXGroup;
			children = (
				18AD89E42A1DF70A006400E0 /* AppDelegate.swift */,
				18AD89E62A1DF70A006400E0 /* SceneDelegate.swift */,
				18AD89E82A1DF70A006400E0 /* ViewController.swift */,
				18AD8A142A1DF77D006400E0 /* RegistrationTableViewController.swift */,
				189C6B702A25C974008B3EDA /* DropDownPickerViewController.swift */,
				18AD8A1E2A1DFFEA006400E0 /* DataTableViewCell.swift */,
				18AD8A1F2A1DFFEA006400E0 /* DataTableViewCell.xib */,
				18AD8A1A2A1DF8BE006400E0 /* ProfileTableViewCell.swift */,
				18AD8A1B2A1DF8BE006400E0 /* ProfileTableViewCell.xib */,
				189C6B692A25C532008B3EDA /* RegistrationTableViewCell.swift */,
				189C6B6B2A25C532008B3EDA /* RegistrationTableViewCell.xib */,
				189C6B6A2A25C532008B3EDA /* ScanDLTableViewCell.swift */,
				189C6B682A25C532008B3EDA /* ScanDLTableViewCell.xib */,
				18AD89EA2A1DF70A006400E0 /* Main.storyboard */,
				18AD89ED2A1DF70E006400E0 /* Assets.xcassets */,
				18AD89EF2A1DF70E006400E0 /* LaunchScreen.storyboard */,
				18AD89F22A1DF70E006400E0 /* Info.plist */,
			);
			path = WalkINRegistrationProject;
			sourceTree = "<group>";
		};
		18AD89FA2A1DF70F006400E0 /* WalkINRegistrationProjectTests */ = {
			isa = PBXGroup;
			children = (
				18AD89FB2A1DF70F006400E0 /* WalkINRegistrationProjectTests.swift */,
			);
			path = WalkINRegistrationProjectTests;
			sourceTree = "<group>";
		};
		18AD8A042A1DF70F006400E0 /* WalkINRegistrationProjectUITests */ = {
			isa = PBXGroup;
			children = (
				18AD8A052A1DF70F006400E0 /* WalkINRegistrationProjectUITests.swift */,
				18AD8A072A1DF70F006400E0 /* WalkINRegistrationProjectUITestsLaunchTests.swift */,
			);
			path = WalkINRegistrationProjectUITests;
			sourceTree = "<group>";
		};
/* End PBXGroup section */

/* Begin PBXNativeTarget section */
		18AD89E02A1DF70A006400E0 /* WalkINRegistrationProject */ = {
			isa = PBXNativeTarget;
			buildConfigurationList = 18AD8A0B2A1DF70F006400E0 /* Build configuration list for PBXNativeTarget "WalkINRegistrationProject" */;
			buildPhases = (
				18AD89DD2A1DF70A006400E0 /* Sources */,
				18AD89DE2A1DF70A006400E0 /* Frameworks */,
				18AD89DF2A1DF70A006400E0 /* Resources */,
			);
			buildRules = (
			);
			dependencies = (
			);
			name = WalkINRegistrationProject;
			productName = WalkINRegistrationProject;
			productReference = 18AD89E12A1DF70A006400E0 /* WalkINRegistrationProject.app */;
			productType = "com.apple.product-type.application";
		};
		18AD89F62A1DF70F006400E0 /* WalkINRegistrationProjectTests */ = {
			isa = PBXNativeTarget;
			buildConfigurationList = 18AD8A0E2A1DF70F006400E0 /* Build configuration list for PBXNativeTarget "WalkINRegistrationProjectTests" */;
			buildPhases = (
				18AD89F32A1DF70F006400E0 /* Sources */,
				18AD89F42A1DF70F006400E0 /* Frameworks */,
				18AD89F52A1DF70F006400E0 /* Resources */,
			);
			buildRules = (
			);
			dependencies = (
				18AD89F92A1DF70F006400E0 /* PBXTargetDependency */,
			);
			name = WalkINRegistrationProjectTests;
			productName = WalkINRegistrationProjectTests;
			productReference = 18AD89F72A1DF70F006400E0 /* WalkINRegistrationProjectTests.xctest */;
			productType = "com.apple.product-type.bundle.unit-test";
		};
		18AD8A002A1DF70F006400E0 /* WalkINRegistrationProjectUITests */ = {
			isa = PBXNativeTarget;
			buildConfigurationList = 18AD8A112A1DF70F006400E0 /* Build configuration list for PBXNativeTarget "WalkINRegistrationProjectUITests" */;
			buildPhases = (
				18AD89FD2A1DF70F006400E0 /* Sources */,
				18AD89FE2A1DF70F006400E0 /* Frameworks */,
				18AD89FF2A1DF70F006400E0 /* Resources */,
			);
			buildRules = (
			);
			dependencies = (
				18AD8A032A1DF70F006400E0 /* PBXTargetDependency */,
			);
			name = WalkINRegistrationProjectUITests;
			productName = WalkINRegistrationProjectUITests;
			productReference = 18AD8A012A1DF70F006400E0 /* WalkINRegistrationProjectUITests.xctest */;
			productType = "com.apple.product-type.bundle.ui-testing";
		};
/* End PBXNativeTarget section */

/* Begin PBXProject section */
		18AD89D92A1DF70A006400E0 /* Project object */ = {
			isa = PBXProject;
			attributes = {
				BuildIndependentTargetsInParallel = 1;
				LastSwiftUpdateCheck = 1400;
				LastUpgradeCheck = 1400;
				TargetAttributes = {
					18AD89E02A1DF70A006400E0 = {
						CreatedOnToolsVersion = 14.0.1;
					};
					18AD89F62A1DF70F006400E0 = {
						CreatedOnToolsVersion = 14.0.1;
						TestTargetID = 18AD89E02A1DF70A006400E0;
					};
					18AD8A002A1DF70F006400E0 = {
						CreatedOnToolsVersion = 14.0.1;
						TestTargetID = 18AD89E02A1DF70A006400E0;
					};
				};
			};
			buildConfigurationList = 18AD89DC2A1DF70A006400E0 /* Build configuration list for PBXProject "WalkINRegistrationProject" */;
			compatibilityVersion = "Xcode 14.0";
			developmentRegion = en;
			hasScannedForEncodings = 0;
			knownRegions = (
				en,
				Base,
			);
			mainGroup = 18AD89D82A1DF70A006400E0;
			productRefGroup = 18AD89E22A1DF70A006400E0 /* Products */;
			projectDirPath = "";
			projectRoot = "";
			targets = (
				18AD89E02A1DF70A006400E0 /* WalkINRegistrationProject */,
				18AD89F62A1DF70F006400E0 /* WalkINRegistrationProjectTests */,
				18AD8A002A1DF70F006400E0 /* WalkINRegistrationProjectUITests */,
			);
		};
/* End PBXProject section */

/* Begin PBXResourcesBuildPhase section */
		18AD89DF2A1DF70A006400E0 /* Resources */ = {
			isa = PBXResourcesBuildPhase;
			buildActionMask = 2147483647;
			files = (
				18AD8A212A1DFFEA006400E0 /* DataTableViewCell.xib in Resources */,
				18AD89F12A1DF70E006400E0 /* LaunchScreen.storyboard in Resources */,
				189C6B6C2A25C532008B3EDA /* ScanDLTableViewCell.xib in Resources */,
				18AD8A1D2A1DF8BE006400E0 /* ProfileTableViewCell.xib in Resources */,
				18AD89EE2A1DF70E006400E0 /* Assets.xcassets in Resources */,
				189C6B6F2A25C532008B3EDA /* RegistrationTableViewCell.xib in Resources */,
				18AD89EC2A1DF70A006400E0 /* Main.storyboard in Resources */,
			);
			runOnlyForDeploymentPostprocessing = 0;
		};
		18AD89F52A1DF70F006400E0 /* Resources */ = {
			isa = PBXResourcesBuildPhase;
			buildActionMask = 2147483647;
			files = (
			);
			runOnlyForDeploymentPostprocessing = 0;
		};
		18AD89FF2A1DF70F006400E0 /* Resources */ = {
			isa = PBXResourcesBuildPhase;
			buildActionMask = 2147483647;
			files = (
			);
			runOnlyForDeploymentPostprocessing = 0;
		};
/* End PBXResourcesBuildPhase section */

/* Begin PBXSourcesBuildPhase section */
		18AD89DD2A1DF70A006400E0 /* Sources */ = {
			isa = PBXSourcesBuildPhase;
			buildActionMask = 2147483647;
			files = (
				18AD89E92A1DF70A006400E0 /* ViewController.swift in Sources */,
				18AD8A202A1DFFEA006400E0 /* DataTableViewCell.swift in Sources */,
				18AD89E52A1DF70A006400E0 /* AppDelegate.swift in Sources */,
				18AD8A152A1DF77D006400E0 /* RegistrationTableViewController.swift in Sources */,
				189C6B6E2A25C532008B3EDA /* ScanDLTableViewCell.swift in Sources */,
				18AD8A1C2A1DF8BE006400E0 /* ProfileTableViewCell.swift in Sources */,
				18AD89E72A1DF70A006400E0 /* SceneDelegate.swift in Sources */,
				189C6B712A25C974008B3EDA /* DropDownPickerViewController.swift in Sources */,
				189C6B6D2A25C532008B3EDA /* RegistrationTableViewCell.swift in Sources */,
			);
			runOnlyForDeploymentPostprocessing = 0;
		};
		18AD89F32A1DF70F006400E0 /* Sources */ = {
			isa = PBXSourcesBuildPhase;
			buildActionMask = 2147483647;
			files = (
				18AD89FC2A1DF70F006400E0 /* WalkINRegistrationProjectTests.swift in Sources */,
			);
			runOnlyForDeploymentPostprocessing = 0;
		};
		18AD89FD2A1DF70F006400E0 /* Sources */ = {
			isa = PBXSourcesBuildPhase;
			buildActionMask = 2147483647;
			files = (
				18AD8A062A1DF70F006400E0 /* WalkINRegistrationProjectUITests.swift in Sources */,
				18AD8A082A1DF70F006400E0 /* WalkINRegistrationProjectUITestsLaunchTests.swift in Sources */,
			);
			runOnlyForDeploymentPostprocessing = 0;
		};
/* End PBXSourcesBuildPhase section */

/* Begin PBXTargetDependency section */
		18AD89F92A1DF70F006400E0 /* PBXTargetDependency */ = {
			isa = PBXTargetDependency;
			target = 18AD89E02A1DF70A006400E0 /* WalkINRegistrationProject */;
			targetProxy = 18AD89F82A1DF70F006400E0 /* PBXContainerItemProxy */;
		};
		18AD8A032A1DF70F006400E0 /* PBXTargetDependency */ = {
			isa = PBXTargetDependency;
			target = 18AD89E02A1DF70A006400E0 /* WalkINRegistrationProject */;
			targetProxy = 18AD8A022A1DF70F006400E0 /* PBXContainerItemProxy */;
		};
/* End PBXTargetDependency section */

/* Begin PBXVariantGroup section */
		18AD89EA2A1DF70A006400E0 /* Main.storyboard */ = {
			isa = PBXVariantGroup;
			children = (
				18AD89EB2A1DF70A006400E0 /* Base */,
			);
			name = Main.storyboard;
			sourceTree = "<group>";
		};
		18AD89EF2A1DF70E006400E0 /* LaunchScreen.storyboard */ = {
			isa = PBXVariantGroup;
			children = (
				18AD89F02A1DF70E006400E0 /* Base */,
			);
			name = LaunchScreen.storyboard;
			sourceTree = "<group>";
		};
/* End PBXVariantGroup section */

/* Begin XCBuildConfiguration section */
		18AD8A092A1DF70F006400E0 /* Debug */ = {
			isa = XCBuildConfiguration;
			buildSettings = {
				ALWAYS_SEARCH_USER_PATHS = NO;
				CLANG_ANALYZER_NONNULL = YES;
				CLANG_ANALYZER_NUMBER_OBJECT_CONVERSION = YES_AGGRESSIVE;
				CLANG_CXX_LANGUAGE_STANDARD = "gnu++20";
				CLANG_ENABLE_MODULES = YES;
				CLANG_ENABLE_OBJC_ARC = YES;
				CLANG_ENABLE_OBJC_WEAK = YES;
				CLANG_WARN_BLOCK_CAPTURE_AUTORELEASING = YES;
				CLANG_WARN_BOOL_CONVERSION = YES;
				CLANG_WARN_COMMA = YES;
				CLANG_WARN_CONSTANT_CONVERSION = YES;
				CLANG_WARN_DEPRECATED_OBJC_IMPLEMENTATIONS = YES;
				CLANG_WARN_DIRECT_OBJC_ISA_USAGE = YES_ERROR;
				CLANG_WARN_DOCUMENTATION_COMMENTS = YES;
				CLANG_WARN_EMPTY_BODY = YES;
				CLANG_WARN_ENUM_CONVERSION = YES;
				CLANG_WARN_INFINITE_RECURSION = YES;
				CLANG_WARN_INT_CONVERSION = YES;
				CLANG_WARN_NON_LITERAL_NULL_CONVERSION = YES;
				CLANG_WARN_OBJC_IMPLICIT_RETAIN_SELF = YES;
				CLANG_WARN_OBJC_LITERAL_CONVERSION = YES;
				CLANG_WARN_OBJC_ROOT_CLASS = YES_ERROR;
				CLANG_WARN_QUOTED_INCLUDE_IN_FRAMEWORK_HEADER = YES;
				CLANG_WARN_RANGE_LOOP_ANALYSIS = YES;
				CLANG_WARN_STRICT_PROTOTYPES = YES;
				CLANG_WARN_SUSPICIOUS_MOVE = YES;
				CLANG_WARN_UNGUARDED_AVAILABILITY = YES_AGGRESSIVE;
				CLANG_WARN_UNREACHABLE_CODE = YES;
				CLANG_WARN__DUPLICATE_METHOD_MATCH = YES;
				COPY_PHASE_STRIP = NO;
				DEBUG_INFORMATION_FORMAT = dwarf;
				ENABLE_STRICT_OBJC_MSGSEND = YES;
				ENABLE_TESTABILITY = YES;
				GCC_C_LANGUAGE_STANDARD = gnu11;
				GCC_DYNAMIC_NO_PIC = NO;
				GCC_NO_COMMON_BLOCKS = YES;
				GCC_OPTIMIZATION_LEVEL = 0;
				GCC_PREPROCESSOR_DEFINITIONS = (
					"DEBUG=1",
					"$(inherited)",
				);
				GCC_WARN_64_TO_32_BIT_CONVERSION = YES;
				GCC_WARN_ABOUT_RETURN_TYPE = YES_ERROR;
				GCC_WARN_UNDECLARED_SELECTOR = YES;
				GCC_WARN_UNINITIALIZED_AUTOS = YES_AGGRESSIVE;
				GCC_WARN_UNUSED_FUNCTION = YES;
				GCC_WARN_UNUSED_VARIABLE = YES;
				IPHONEOS_DEPLOYMENT_TARGET = 16.0;
				MTL_ENABLE_DEBUG_INFO = INCLUDE_SOURCE;
				MTL_FAST_MATH = YES;
				ONLY_ACTIVE_ARCH = YES;
				SDKROOT = iphoneos;
				SWIFT_ACTIVE_COMPILATION_CONDITIONS = DEBUG;
				SWIFT_OPTIMIZATION_LEVEL = "-Onone";
			};
			name = Debug;
		};
		18AD8A0A2A1DF70F006400E0 /* Release */ = {
			isa = XCBuildConfiguration;
			buildSettings = {
				ALWAYS_SEARCH_USER_PATHS = NO;
				CLANG_ANALYZER_NONNULL = YES;
				CLANG_ANALYZER_NUMBER_OBJECT_CONVERSION = YES_AGGRESSIVE;
				CLANG_CXX_LANGUAGE_STANDARD = "gnu++20";
				CLANG_ENABLE_MODULES = YES;
				CLANG_ENABLE_OBJC_ARC = YES;
				CLANG_ENABLE_OBJC_WEAK = YES;
				CLANG_WARN_BLOCK_CAPTURE_AUTORELEASING = YES;
				CLANG_WARN_BOOL_CONVERSION = YES;
				CLANG_WARN_COMMA = YES;
				CLANG_WARN_CONSTANT_CONVERSION = YES;
				CLANG_WARN_DEPRECATED_OBJC_IMPLEMENTATIONS = YES;
				CLANG_WARN_DIRECT_OBJC_ISA_USAGE = YES_ERROR;
				CLANG_WARN_DOCUMENTATION_COMMENTS = YES;
				CLANG_WARN_EMPTY_BODY = YES;
				CLANG_WARN_ENUM_CONVERSION = YES;
				CLANG_WARN_INFINITE_RECURSION = YES;
				CLANG_WARN_INT_CONVERSION = YES;
				CLANG_WARN_NON_LITERAL_NULL_CONVERSION = YES;
				CLANG_WARN_OBJC_IMPLICIT_RETAIN_SELF = YES;
				CLANG_WARN_OBJC_LITERAL_CONVERSION = YES;
				CLANG_WARN_OBJC_ROOT_CLASS = YES_ERROR;
				CLANG_WARN_QUOTED_INCLUDE_IN_FRAMEWORK_HEADER = YES;
				CLANG_WARN_RANGE_LOOP_ANALYSIS = YES;
				CLANG_WARN_STRICT_PROTOTYPES = YES;
				CLANG_WARN_SUSPICIOUS_MOVE = YES;
				CLANG_WARN_UNGUARDED_AVAILABILITY = YES_AGGRESSIVE;
				CLANG_WARN_UNREACHABLE_CODE = YES;
				CLANG_WARN__DUPLICATE_METHOD_MATCH = YES;
				COPY_PHASE_STRIP = NO;
				DEBUG_INFORMATION_FORMAT = "dwarf-with-dsym";
				ENABLE_NS_ASSERTIONS = NO;
				ENABLE_STRICT_OBJC_MSGSEND = YES;
				GCC_C_LANGUAGE_STANDARD = gnu11;
				GCC_NO_COMMON_BLOCKS = YES;
				GCC_WARN_64_TO_32_BIT_CONVERSION = YES;
				GCC_WARN_ABOUT_RETURN_TYPE = YES_ERROR;
				GCC_WARN_UNDECLARED_SELECTOR = YES;
				GCC_WARN_UNINITIALIZED_AUTOS = YES_AGGRESSIVE;
				GCC_WARN_UNUSED_FUNCTION = YES;
				GCC_WARN_UNUSED_VARIABLE = YES;
				IPHONEOS_DEPLOYMENT_TARGET = 16.0;
				MTL_ENABLE_DEBUG_INFO = NO;
				MTL_FAST_MATH = YES;
				SDKROOT = iphoneos;
				SWIFT_COMPILATION_MODE = wholemodule;
				SWIFT_OPTIMIZATION_LEVEL = "-O";
				VALIDATE_PRODUCT = YES;
			};
			name = Release;
		};
		18AD8A0C2A1DF70F006400E0 /* Debug */ = {
			isa = XCBuildConfiguration;
			buildSettings = {
				ASSETCATALOG_COMPILER_APPICON_NAME = AppIcon;
				ASSETCATALOG_COMPILER_GLOBAL_ACCENT_COLOR_NAME = AccentColor;
				CODE_SIGN_STYLE = Automatic;
				CURRENT_PROJECT_VERSION = 1;
				GENERATE_INFOPLIST_FILE = YES;
				INFOPLIST_FILE = WalkINRegistrationProject/Info.plist;
				INFOPLIST_KEY_UIApplicationSupportsIndirectInputEvents = YES;
				INFOPLIST_KEY_UILaunchStoryboardName = LaunchScreen;
				INFOPLIST_KEY_UIMainStoryboardFile = Main;
				INFOPLIST_KEY_UISupportedInterfaceOrientations_iPad = "UIInterfaceOrientationPortrait UIInterfaceOrientationPortraitUpsideDown UIInterfaceOrientationLandscapeLeft UIInterfaceOrientationLandscapeRight";
				INFOPLIST_KEY_UISupportedInterfaceOrientations_iPhone = "UIInterfaceOrientationPortrait UIInterfaceOrientationLandscapeLeft UIInterfaceOrientationLandscapeRight";
				LD_RUNPATH_SEARCH_PATHS = (
					"$(inherited)",
					"@executable_path/Frameworks",
				);
				MARKETING_VERSION = 1.0;
				PRODUCT_BUNDLE_IDENTIFIER = com.sample.WalkINRegistrationProject;
				PRODUCT_NAME = "$(TARGET_NAME)";
				SWIFT_EMIT_LOC_STRINGS = YES;
				SWIFT_VERSION = 5.0;
				TARGETED_DEVICE_FAMILY = "1,2";
			};
			name = Debug;
		};
		18AD8A0D2A1DF70F006400E0 /* Release */ = {
			isa = XCBuildConfiguration;
			buildSettings = {
				ASSETCATALOG_COMPILER_APPICON_NAME = AppIcon;
				ASSETCATALOG_COMPILER_GLOBAL_ACCENT_COLOR_NAME = AccentColor;
				CODE_SIGN_STYLE = Automatic;
				CURRENT_PROJECT_VERSION = 1;
				GENERATE_INFOPLIST_FILE = YES;
				INFOPLIST_FILE = WalkINRegistrationProject/Info.plist;
				INFOPLIST_KEY_UIApplicationSupportsIndirectInputEvents = YES;
				INFOPLIST_KEY_UILaunchStoryboardName = LaunchScreen;
				INFOPLIST_KEY_UIMainStoryboardFile = Main;
				INFOPLIST_KEY_UISupportedInterfaceOrientations_iPad = "UIInterfaceOrientationPortrait UIInterfaceOrientationPortraitUpsideDown UIInterfaceOrientationLandscapeLeft UIInterfaceOrientationLandscapeRight";
				INFOPLIST_KEY_UISupportedInterfaceOrientations_iPhone = "UIInterfaceOrientationPortrait UIInterfaceOrientationLandscapeLeft UIInterfaceOrientationLandscapeRight";
				LD_RUNPATH_SEARCH_PATHS = (
					"$(inherited)",
					"@executable_path/Frameworks",
				);
				MARKETING_VERSION = 1.0;
				PRODUCT_BUNDLE_IDENTIFIER = com.sample.WalkINRegistrationProject;
				PRODUCT_NAME = "$(TARGET_NAME)";
				SWIFT_EMIT_LOC_STRINGS = YES;
				SWIFT_VERSION = 5.0;
				TARGETED_DEVICE_FAMILY = "1,2";
			};
			name = Release;
		};
		18AD8A0F2A1DF70F006400E0 /* Debug */ = {
			isa = XCBuildConfiguration;
			buildSettings = {
				ALWAYS_EMBED_SWIFT_STANDARD_LIBRARIES = YES;
				BUNDLE_LOADER = "$(TEST_HOST)";
				CODE_SIGN_STYLE = Automatic;
				CURRENT_PROJECT_VERSION = 1;
				GENERATE_INFOPLIST_FILE = YES;
				IPHONEOS_DEPLOYMENT_TARGET = 16.0;
				MARKETING_VERSION = 1.0;
				PRODUCT_BUNDLE_IDENTIFIER = com.sample.WalkINRegistrationProjectTests;
				PRODUCT_NAME = "$(TARGET_NAME)";
				SWIFT_EMIT_LOC_STRINGS = NO;
				SWIFT_VERSION = 5.0;
				TARGETED_DEVICE_FAMILY = "1,2";
				TEST_HOST = "$(BUILT_PRODUCTS_DIR)/WalkINRegistrationProject.app/$(BUNDLE_EXECUTABLE_FOLDER_PATH)/WalkINRegistrationProject";
			};
			name = Debug;
		};
		18AD8A102A1DF70F006400E0 /* Release */ = {
			isa = XCBuildConfiguration;
			buildSettings = {
				ALWAYS_EMBED_SWIFT_STANDARD_LIBRARIES = YES;
				BUNDLE_LOADER = "$(TEST_HOST)";
				CODE_SIGN_STYLE = Automatic;
				CURRENT_PROJECT_VERSION = 1;
				GENERATE_INFOPLIST_FILE = YES;
				IPHONEOS_DEPLOYMENT_TARGET = 16.0;
				MARKETING_VERSION = 1.0;
				PRODUCT_BUNDLE_IDENTIFIER = com.sample.WalkINRegistrationProjectTests;
				PRODUCT_NAME = "$(TARGET_NAME)";
				SWIFT_EMIT_LOC_STRINGS = NO;
				SWIFT_VERSION = 5.0;
				TARGETED_DEVICE_FAMILY = "1,2";
				TEST_HOST = "$(BUILT_PRODUCTS_DIR)/WalkINRegistrationProject.app/$(BUNDLE_EXECUTABLE_FOLDER_PATH)/WalkINRegistrationProject";
			};
			name = Release;
		};
		18AD8A122A1DF70F006400E0 /* Debug */ = {
			isa = XCBuildConfiguration;
			buildSettings = {
				ALWAYS_EMBED_SWIFT_STANDARD_LIBRARIES = YES;
				CODE_SIGN_STYLE = Automatic;
				CURRENT_PROJECT_VERSION = 1;
				GENERATE_INFOPLIST_FILE = YES;
				MARKETING_VERSION = 1.0;
				PRODUCT_BUNDLE_IDENTIFIER = com.sample.WalkINRegistrationProjectUITests;
				PRODUCT_NAME = "$(TARGET_NAME)";
				SWIFT_EMIT_LOC_STRINGS = NO;
				SWIFT_VERSION = 5.0;
				TARGETED_DEVICE_FAMILY = "1,2";
				TEST_TARGET_NAME = WalkINRegistrationProject;
			};
			name = Debug;
		};
		18AD8A132A1DF70F006400E0 /* Release */ = {
			isa = XCBuildConfiguration;
			buildSettings = {
				ALWAYS_EMBED_SWIFT_STANDARD_LIBRARIES = YES;
				CODE_SIGN_STYLE = Automatic;
				CURRENT_PROJECT_VERSION = 1;
				GENERATE_INFOPLIST_FILE = YES;
				MARKETING_VERSION = 1.0;
				PRODUCT_BUNDLE_IDENTIFIER = com.sample.WalkINRegistrationProjectUITests;
				PRODUCT_NAME = "$(TARGET_NAME)";
				SWIFT_EMIT_LOC_STRINGS = NO;
				SWIFT_VERSION = 5.0;
				TARGETED_DEVICE_FAMILY = "1,2";
				TEST_TARGET_NAME = WalkINRegistrationProject;
			};
			name = Release;
		};
/* End XCBuildConfiguration section */

/* Begin XCConfigurationList section */
		18AD89DC2A1DF70A006400E0 /* Build configuration list for PBXProject "WalkINRegistrationProject" */ = {
			isa = XCConfigurationList;
			buildConfigurations = (
				18AD8A092A1DF70F006400E0 /* Debug */,
				18AD8A0A2A1DF70F006400E0 /* Release */,
			);
			defaultConfigurationIsVisible = 0;
			defaultConfigurationName = Release;
		};
		18AD8A0B2A1DF70F006400E0 /* Build configuration list for PBXNativeTarget "WalkINRegistrationProject" */ = {
			isa = XCConfigurationList;
			buildConfigurations = (
				18AD8A0C2A1DF70F006400E0 /* Debug */,
				18AD8A0D2A1DF70F006400E0 /* Release */,
			);
			defaultConfigurationIsVisible = 0;
			defaultConfigurationName = Release;
		};
		18AD8A0E2A1DF70F006400E0 /* Build configuration list for PBXNativeTarget "WalkINRegistrationProjectTests" */ = {
			isa = XCConfigurationList;
			buildConfigurations = (
				18AD8A0F2A1DF70F006400E0 /* Debug */,
				18AD8A102A1DF70F006400E0 /* Release */,
			);
			defaultConfigurationIsVisible = 0;
			defaultConfigurationName = Release;
		};
		18AD8A112A1DF70F006400E0 /* Build configuration list for PBXNativeTarget "WalkINRegistrationProjectUITests" */ = {
			isa = XCConfigurationList;
			buildConfigurations = (
				18AD8A122A1DF70F006400E0 /* Debug */,
				18AD8A132A1DF70F006400E0 /* Release */,
			);
			defaultConfigurationIsVisible = 0;
			defaultConfigurationName = Release;
		};
/* End XCConfigurationList section */
	};
	rootObject = 18AD89D92A1DF70A006400E0 /* Project object */;
}
